
Microsoft Visual Studio Solution File, Format Version 12.00
# Visual Studio Version 17
VisualStudioVersion = 17.11.35312.102
MinimumVisualStudioVersion = 10.0.40219.1
Project("{FAE04EC0-301F-11D3-BF4B-00C04F79EFBC}") = "BarcoCtrlApi", "BarcoCtrlApi\BarcoCtrlApi.csproj", "{B7FF6F38-F74E-49D1-BF42-C436F6DD6C87}"
EndProject
Project("{FAE04EC0-301F-11D3-BF4B-00C04F79EFBC}") = "BarcoCtrlClientApp", "BarcoCtrlClientApp\BarcoCtrlClientApp.csproj", "{8B4F4ADF-F3E4-442B-8562-94A0B10AC418}"
EndProject
Global
	GlobalSection(SolutionConfigurationPlatforms) = preSolution
		Debug|Any CPU = Debug|Any CPU
		Release|Any CPU = Release|Any CPU
	EndGlobalSection
	GlobalSection(ProjectConfigurationPlatforms) = postSolution
		{B7FF6F38-F74E-49D1-BF42-C436F6DD6C87}.Debug|Any CPU.ActiveCfg = Debug|Any CPU
		{B7FF6F38-F74E-49D1-BF42-C436F6DD6C87}.Debug|Any CPU.Build.0 = Debug|Any CPU
		{B7FF6F38-F74E-49D1-BF42-C436F6DD6C87}.Release|Any CPU.ActiveCfg = Release|Any CPU
		{B7FF6F38-F74E-49D1-BF42-C436F6DD6C87}.Release|Any CPU.Build.0 = Release|Any CPU
		{8B4F4ADF-F3E4-442B-8562-94A0B10AC418}.Debug|Any CPU.ActiveCfg = Debug|Any CPU
		{8B4F4ADF-F3E4-442B-8562-94A0B10AC418}.Debug|Any CPU.Build.0 = Debug|Any CPU
		{8B4F4ADF-F3E4-442B-8562-94A0B10AC418}.Release|Any CPU.ActiveCfg = Release|Any CPU
		{8B4F4ADF-F3E4-442B-8562-94A0B10AC418}.Release|Any CPU.Build.0 = Release|Any CPU
	EndGlobalSection
	GlobalSection(SolutionProperties) = preSolution
		HideSolutionNode = FALSE
	EndGlobalSection
	GlobalSection(ExtensibilityGlobals) = postSolution
		SolutionGuid = {8FA82E13-7EE6-4EAB-A47D-D56276614056}
	EndGlobalSection
EndGlobal
